
Microsoft Visual Studio Solution File, Format Version 12.00
# Visual Studio Version 17
VisualStudioVersion = 17.1.32210.238
MinimumVisualStudioVersion = 10.0.40219.1
Project("{FAE04EC0-301F-11D3-BF4B-00C04F79EFBC}") = "Design_Pattern_Factory_Method", "Design_Pattern_Factory_Method\Design_Pattern_Factory_Method.csproj", "{AC50A674-7621-4B7D-B607-9E36386F65EB}"
EndProject
Global
	GlobalSection(SolutionConfigurationPlatforms) = preSolution
		Debug|Any CPU = Debug|Any CPU
		Release|Any CPU = Release|Any CPU
	EndGlobalSection
	GlobalSection(ProjectConfigurationPlatforms) = postSolution
		{AC50A674-7621-4B7D-B607-9E36386F65EB}.Debug|Any CPU.ActiveCfg = Debug|Any CPU
		{AC50A674-7621-4B7D-B607-9E36386F65EB}.Debug|Any CPU.Build.0 = Debug|Any CPU
		{AC50A674-7621-4B7D-B607-9E36386F65EB}.Release|Any CPU.ActiveCfg = Release|Any CPU
		{AC50A674-7621-4B7D-B607-9E36386F65EB}.Release|Any CPU.Build.0 = Release|Any CPU
	EndGlobalSection
	GlobalSection(SolutionProperties) = preSolution
		HideSolutionNode = FALSE
	EndGlobalSection
	GlobalSection(ExtensibilityGlobals) = postSolution
		SolutionGuid = {CF8CE08B-754A-40C2-8086-B4A8A99CD957}
	EndGlobalSection
EndGlobal
